
Microsoft Visual Studio Solution File, Format Version 12.00
# Visual Studio 15
VisualStudioVersion = 15.0.28307.102
MinimumVisualStudioVersion = 10.0.40219.1
Project("{FAE04EC0-301F-11D3-BF4B-00C04F79EFBC}") = "TestKode", "TestKode\TestKode.csproj", "{5F102C72-9347-4D46-B934-0BA406B398F6}"
EndProject
Project("{FAE04EC0-301F-11D3-BF4B-00C04F79EFBC}") = "DebugDemo", "DebugDemo\DebugDemo.csproj", "{AD7B1C6D-7CA5-42C3-A7D6-99D76A99727A}"
EndProject
Project("{FAE04EC0-301F-11D3-BF4B-00C04F79EFBC}") = "OpgaveVariabler", "OpgaveVariabler\OpgaveVariabler.csproj", "{A3AB726D-7D41-4DF5-9F20-BF4A8E50392C}"
EndProject
Project("{FAE04EC0-301F-11D3-BF4B-00C04F79EFBC}") = "ConOpgaveDateTime", "ConOpgaveDateTime\ConOpgaveDateTime.csproj", "{B4813FE9-1563-4227-B6DE-1D2718C7AF7D}"
EndProject
Project("{FAE04EC0-301F-11D3-BF4B-00C04F79EFBC}") = "OpgaveTekst", "OpgaveTekst\OpgaveTekst.csproj", "{5BA838BB-2336-4AE5-A371-CFF80CC4A988}"
EndProject
Project("{2150E333-8FDC-42A3-9474-1A3956D46DE8}") = "Solution Items", "Solution Items", "{ACA2DBF1-7AFC-4798-8599-53152FD71324}"
	ProjectSection(SolutionItems) = preProject
		.editorconfig = .editorconfig
	EndProjectSection
EndProject
Project("{FAE04EC0-301F-11D3-BF4B-00C04F79EFBC}") = "OpgaveEnum", "OpgaveEnum\OpgaveEnum.csproj", "{D7144477-8BAF-4AF1-B778-47CDC1999558}"
EndProject
Project("{FAE04EC0-301F-11D3-BF4B-00C04F79EFBC}") = "OpgaveFejlhåndSimple", "OpgaveFejlhåndSimple\OpgaveFejlhåndSimple.csproj", "{A2EEA9D9-B7B4-4A91-B15C-5BDC2E8EEB73}"
EndProject
Project("{FAE04EC0-301F-11D3-BF4B-00C04F79EFBC}") = "OpgaveHukommelse", "OpgaveHukommelse\OpgaveHukommelse.csproj", "{6A242D90-D692-4BEF-872C-719E9A469B27}"
EndProject
Project("{FAE04EC0-301F-11D3-BF4B-00C04F79EFBC}") = "OpgaveClassTerning", "OpgaveClassTerning\OpgaveClassTerning.csproj", "{E396B0CA-C925-4B98-B88C-AB52E9BB6DB0}"
EndProject
Project("{FAE04EC0-301F-11D3-BF4B-00C04F79EFBC}") = "OpgaveClassSimple", "OpgaveClassSimple\OpgaveClassSimple.csproj", "{821F353B-F771-4A40-92BB-9B68B213CC6D}"
EndProject
Project("{FAE04EC0-301F-11D3-BF4B-00C04F79EFBC}") = "ClassCommon", "ClassCommon\ClassCommon.csproj", "{4DE357AF-0D7F-4B35-AC31-D20FDAE133D9}"
EndProject
Project("{FAE04EC0-301F-11D3-BF4B-00C04F79EFBC}") = "OpgaveClassVare", "OpgaveClassVare\OpgaveClassVare.csproj", "{E0C3FBC5-78B6-4D8E-8E67-BBC870D75CF0}"
EndProject
Project("{FAE04EC0-301F-11D3-BF4B-00C04F79EFBC}") = "OpgaveAutoProperties", "OpgaveAutoProperties\OpgaveAutoProperties.csproj", "{E0613944-8C4D-4509-8B1F-425FF65DC0D6}"
EndProject
Project("{FAE04EC0-301F-11D3-BF4B-00C04F79EFBC}") = "OpgaveListSimple", "OpgaveListSimple\OpgaveListSimple.csproj", "{6D9FA6C0-A9A2-48DA-B4B4-281308F974D8}"
EndProject
Project("{FAE04EC0-301F-11D3-BF4B-00C04F79EFBC}") = "OpgaveArvSimple", "OpgaveArvSimple\OpgaveArvSimple.csproj", "{36FC8EC3-C701-4879-AFEC-00ED8A13A575}"
EndProject
Global
	GlobalSection(SolutionConfigurationPlatforms) = preSolution
		Debug|Any CPU = Debug|Any CPU
		Release|Any CPU = Release|Any CPU
	EndGlobalSection
	GlobalSection(ProjectConfigurationPlatforms) = postSolution
		{5F102C72-9347-4D46-B934-0BA406B398F6}.Debug|Any CPU.ActiveCfg = Debug|Any CPU
		{5F102C72-9347-4D46-B934-0BA406B398F6}.Debug|Any CPU.Build.0 = Debug|Any CPU
		{5F102C72-9347-4D46-B934-0BA406B398F6}.Release|Any CPU.ActiveCfg = Release|Any CPU
		{5F102C72-9347-4D46-B934-0BA406B398F6}.Release|Any CPU.Build.0 = Release|Any CPU
		{AD7B1C6D-7CA5-42C3-A7D6-99D76A99727A}.Debug|Any CPU.ActiveCfg = Debug|Any CPU
		{AD7B1C6D-7CA5-42C3-A7D6-99D76A99727A}.Debug|Any CPU.Build.0 = Debug|Any CPU
		{AD7B1C6D-7CA5-42C3-A7D6-99D76A99727A}.Release|Any CPU.ActiveCfg = Release|Any CPU
		{AD7B1C6D-7CA5-42C3-A7D6-99D76A99727A}.Release|Any CPU.Build.0 = Release|Any CPU
		{A3AB726D-7D41-4DF5-9F20-BF4A8E50392C}.Debug|Any CPU.ActiveCfg = Debug|Any CPU
		{A3AB726D-7D41-4DF5-9F20-BF4A8E50392C}.Debug|Any CPU.Build.0 = Debug|Any CPU
		{A3AB726D-7D41-4DF5-9F20-BF4A8E50392C}.Release|Any CPU.ActiveCfg = Release|Any CPU
		{A3AB726D-7D41-4DF5-9F20-BF4A8E50392C}.Release|Any CPU.Build.0 = Release|Any CPU
		{B4813FE9-1563-4227-B6DE-1D2718C7AF7D}.Debug|Any CPU.ActiveCfg = Debug|Any CPU
		{B4813FE9-1563-4227-B6DE-1D2718C7AF7D}.Debug|Any CPU.Build.0 = Debug|Any CPU
		{B4813FE9-1563-4227-B6DE-1D2718C7AF7D}.Release|Any CPU.ActiveCfg = Release|Any CPU
		{B4813FE9-1563-4227-B6DE-1D2718C7AF7D}.Release|Any CPU.Build.0 = Release|Any CPU
		{5BA838BB-2336-4AE5-A371-CFF80CC4A988}.Debug|Any CPU.ActiveCfg = Debug|Any CPU
		{5BA838BB-2336-4AE5-A371-CFF80CC4A988}.Debug|Any CPU.Build.0 = Debug|Any CPU
		{5BA838BB-2336-4AE5-A371-CFF80CC4A988}.Release|Any CPU.ActiveCfg = Release|Any CPU
		{5BA838BB-2336-4AE5-A371-CFF80CC4A988}.Release|Any CPU.Build.0 = Release|Any CPU
		{D7144477-8BAF-4AF1-B778-47CDC1999558}.Debug|Any CPU.ActiveCfg = Debug|Any CPU
		{D7144477-8BAF-4AF1-B778-47CDC1999558}.Debug|Any CPU.Build.0 = Debug|Any CPU
		{D7144477-8BAF-4AF1-B778-47CDC1999558}.Release|Any CPU.ActiveCfg = Release|Any CPU
		{D7144477-8BAF-4AF1-B778-47CDC1999558}.Release|Any CPU.Build.0 = Release|Any CPU
		{A2EEA9D9-B7B4-4A91-B15C-5BDC2E8EEB73}.Debug|Any CPU.ActiveCfg = Debug|Any CPU
		{A2EEA9D9-B7B4-4A91-B15C-5BDC2E8EEB73}.Debug|Any CPU.Build.0 = Debug|Any CPU
		{A2EEA9D9-B7B4-4A91-B15C-5BDC2E8EEB73}.Release|Any CPU.ActiveCfg = Release|Any CPU
		{A2EEA9D9-B7B4-4A91-B15C-5BDC2E8EEB73}.Release|Any CPU.Build.0 = Release|Any CPU
		{6A242D90-D692-4BEF-872C-719E9A469B27}.Debug|Any CPU.ActiveCfg = Debug|Any CPU
		{6A242D90-D692-4BEF-872C-719E9A469B27}.Debug|Any CPU.Build.0 = Debug|Any CPU
		{6A242D90-D692-4BEF-872C-719E9A469B27}.Release|Any CPU.ActiveCfg = Release|Any CPU
		{6A242D90-D692-4BEF-872C-719E9A469B27}.Release|Any CPU.Build.0 = Release|Any CPU
		{E396B0CA-C925-4B98-B88C-AB52E9BB6DB0}.Debug|Any CPU.ActiveCfg = Debug|Any CPU
		{E396B0CA-C925-4B98-B88C-AB52E9BB6DB0}.Debug|Any CPU.Build.0 = Debug|Any CPU
		{E396B0CA-C925-4B98-B88C-AB52E9BB6DB0}.Release|Any CPU.ActiveCfg = Release|Any CPU
		{E396B0CA-C925-4B98-B88C-AB52E9BB6DB0}.Release|Any CPU.Build.0 = Release|Any CPU
		{821F353B-F771-4A40-92BB-9B68B213CC6D}.Debug|Any CPU.ActiveCfg = Debug|Any CPU
		{821F353B-F771-4A40-92BB-9B68B213CC6D}.Debug|Any CPU.Build.0 = Debug|Any CPU
		{821F353B-F771-4A40-92BB-9B68B213CC6D}.Release|Any CPU.ActiveCfg = Release|Any CPU
		{821F353B-F771-4A40-92BB-9B68B213CC6D}.Release|Any CPU.Build.0 = Release|Any CPU
		{4DE357AF-0D7F-4B35-AC31-D20FDAE133D9}.Debug|Any CPU.ActiveCfg = Debug|Any CPU
		{4DE357AF-0D7F-4B35-AC31-D20FDAE133D9}.Debug|Any CPU.Build.0 = Debug|Any CPU
		{4DE357AF-0D7F-4B35-AC31-D20FDAE133D9}.Release|Any CPU.ActiveCfg = Release|Any CPU
		{4DE357AF-0D7F-4B35-AC31-D20FDAE133D9}.Release|Any CPU.Build.0 = Release|Any CPU
		{E0C3FBC5-78B6-4D8E-8E67-BBC870D75CF0}.Debug|Any CPU.ActiveCfg = Debug|Any CPU
		{E0C3FBC5-78B6-4D8E-8E67-BBC870D75CF0}.Debug|Any CPU.Build.0 = Debug|Any CPU
		{E0C3FBC5-78B6-4D8E-8E67-BBC870D75CF0}.Release|Any CPU.ActiveCfg = Release|Any CPU
		{E0C3FBC5-78B6-4D8E-8E67-BBC870D75CF0}.Release|Any CPU.Build.0 = Release|Any CPU
		{E0613944-8C4D-4509-8B1F-425FF65DC0D6}.Debug|Any CPU.ActiveCfg = Debug|Any CPU
		{E0613944-8C4D-4509-8B1F-425FF65DC0D6}.Debug|Any CPU.Build.0 = Debug|Any CPU
		{E0613944-8C4D-4509-8B1F-425FF65DC0D6}.Release|Any CPU.ActiveCfg = Release|Any CPU
		{E0613944-8C4D-4509-8B1F-425FF65DC0D6}.Release|Any CPU.Build.0 = Release|Any CPU
		{6D9FA6C0-A9A2-48DA-B4B4-281308F974D8}.Debug|Any CPU.ActiveCfg = Debug|Any CPU
		{6D9FA6C0-A9A2-48DA-B4B4-281308F974D8}.Debug|Any CPU.Build.0 = Debug|Any CPU
		{6D9FA6C0-A9A2-48DA-B4B4-281308F974D8}.Release|Any CPU.ActiveCfg = Release|Any CPU
		{6D9FA6C0-A9A2-48DA-B4B4-281308F974D8}.Release|Any CPU.Build.0 = Release|Any CPU
		{36FC8EC3-C701-4879-AFEC-00ED8A13A575}.Debug|Any CPU.ActiveCfg = Debug|Any CPU
		{36FC8EC3-C701-4879-AFEC-00ED8A13A575}.Debug|Any CPU.Build.0 = Debug|Any CPU
		{36FC8EC3-C701-4879-AFEC-00ED8A13A575}.Release|Any CPU.ActiveCfg = Release|Any CPU
		{36FC8EC3-C701-4879-AFEC-00ED8A13A575}.Release|Any CPU.Build.0 = Release|Any CPU
	EndGlobalSection
	GlobalSection(SolutionProperties) = preSolution
		HideSolutionNode = FALSE
	EndGlobalSection
	GlobalSection(ExtensibilityGlobals) = postSolution
		SolutionGuid = {7CE2AAA6-40B5-448D-861E-2E3011FD338B}
	EndGlobalSection
EndGlobal
